<?xml version="1.0" encoding="utf-8"?>
<Project ToolsVersion="4.0" xmlns="http://schemas.microsoft.com/developer/msbuild/2003">
  <ItemGroup>
    <Filter Include="NewFilter1">
      <UniqueIdentifier>{f448af57-0e82-43da-8ed9-e31ec42c47e8}</UniqueIdentifier>
    </Filter>
  </ItemGroup>
  <ItemGroup>
    <ClCompile Include="NotServer.cpp">
      <Filter>NewFilter1</Filter>
    </ClCompile>
  </ItemGroup>
</Project>